schema: '2.0'
stages:
  load_data:
    cmd: python src/stage_01_load_and_save.py --config=params.yaml
    deps:
    - path: src/stage_01_load_and_save.py
      md5: d6554db52a51d24d824d8970bbb07fcd
      size: 1210
    - path: src/utils/common_utils.py
      md5: c085cd5f2f9f3b4f61727bd57877274b
      size: 1338
    params:
      params.yaml:
        artifacts.raw_local_data: artifacts/raw_local_data_dir/data.csv
        data_source.s3_source: https://raw.githubusercontent.com/shrikant-temburwar/Wine-Quality-Dataset/master/winequality-red.csv
    outs:
    - path: artifacts/raw_local_data_dir/data.csv
      md5: 7c92f1ee593c0fbd2ad8c67ba5c446df
      size: 93599
  split_data:
    cmd: python src/stage_02_split_data.py --config=params.yaml
    deps:
    - path: artifacts/raw_local_data_dir/data.csv
      md5: 7c92f1ee593c0fbd2ad8c67ba5c446df
      size: 93599
    - path: src/stage_02_split_data.py
      md5: ab9016dd97d8f73952d3865f5f1d19d4
      size: 1505
    - path: src/utils/common_utils.py
      md5: c085cd5f2f9f3b4f61727bd57877274b
      size: 1338
    params:
      params.yaml:
        artifacts.raw_local_data: artifacts/raw_local_data_dir/data.csv
        artifacts.split_data.processed_data_dir: artifacts/processed_data
        artifacts.split_data.test_path: artifacts/processed_data/test.csv
        artifacts.split_data.train_path: artifacts/processed_data/train.csv
        base.random_state: 42
        base.test_size: 0.2
    outs:
    - path: artifacts/processed_data/test.csv
      md5: b31a4073fa82bc444fd5683cb5cf7e76
      size: 18832
    - path: artifacts/processed_data/train.csv
      md5: 0196b80fbeb701453fe0052e35635db2
      size: 74914
  train:
    cmd: python src/stage_03_train.py --config=params.yaml
    deps:
    - path: artifacts/processed_data/train.csv
      md5: 0196b80fbeb701453fe0052e35635db2
      size: 74914
    - path: src/stage_03_train.py
      md5: f79e93106ca27bac9c55508210a44e18
      size: 1966
    - path: src/utils/common_utils.py
      md5: c085cd5f2f9f3b4f61727bd57877274b
      size: 1338
    params:
      params.yaml:
        artifacts.split_data.train_path: artifacts/processed_data/train.csv
        base.random_state: 42
        base.target_col: quality
        estimators.ElasticNet.params.alpha: 0.7
        estimators.ElasticNet.params.l1_ratio: 0.2
    outs:
    - path: artifacts/report/params.json
      md5: a00e5aa4c06cc1b18781592be1f07cd7
      size: 44
    - path: artifacts/saved_models/model.joblib
      md5: 4709511467286f071175e35de4f52ad4
      size: 1316
  evaluate:
    cmd: python src/stage_04_evaluate.py --config=params.yaml
    deps:
    - path: artifacts/processed_data/test.csv
      md5: b31a4073fa82bc444fd5683cb5cf7e76
      size: 18832
    - path: artifacts/saved_models/model.joblib
      md5: 4709511467286f071175e35de4f52ad4
      size: 1316
    - path: src/stage_04_evaluate.py
      md5: f80b0c128d9db2e2a975dd57b72720d9
      size: 1709
    - path: src/utils/common_utils.py
      md5: c085cd5f2f9f3b4f61727bd57877274b
      size: 1338
    params:
      params.yaml:
        artifacts.split_data.test_path: artifacts/processed_data/test.csv
        base.target_col: quality
    outs:
    - path: artifacts/report/scores.json
      md5: 13d41f1ad5e3474912a7d5c3961fa04a
      size: 100
